PODS:
  - Flutter (1.0.0)
  - flutter_app_upgrade (0.0.1):
    - Flutter

DEPENDENCIES:
  - Flutter (from `Flutter`)
  - flutter_app_upgrade (from `.symlinks/plugins/flutter_app_upgrade/ios`)

EXTERNAL SOURCES:
  Flutter:
    :path: Flutter
  flutter_app_upgrade:
    :path: ".symlinks/plugins/flutter_app_upgrade/ios"

SPEC CHECKSUMS:
  Flutter: 0e3d915762c693b495b44d77113d4970485de6ec
  flutter_app_upgrade: a62fbe2a09a2176a7b44211c8355adfcfb969779

PODFILE CHECKSUM: 1b66dae606f75376c5f2135a8290850eeb09ae83

COCOAPODS: 1.9.1
