PODS:
  - Flutter (1.0.0)
  - flutter_upgrade (0.0.1):
    - Flutter

DEPENDENCIES:
  - Flutter (from `Flutter`)
  - flutter_upgrade (from `.symlinks/plugins/flutter_upgrade/ios`)

EXTERNAL SOURCES:
  Flutter:
    :path: Flutter
  flutter_upgrade:
    :path: ".symlinks/plugins/flutter_upgrade/ios"

SPEC CHECKSUMS:
  Flutter: 0e3d915762c693b495b44d77113d4970485de6ec
  flutter_upgrade: 1a911d7aff45a31785ce75dbdfa4a68d02b37aa0

PODFILE CHECKSUM: 1b66dae606f75376c5f2135a8290850eeb09ae83

COCOAPODS: 1.8.4
